
Microsoft Visual Studio Solution File, Format Version 12.00
# Visual Studio Version 16
VisualStudioVersion = 16.0.31025.194
MinimumVisualStudioVersion = 10.0.40219.1
Project("{FAE04EC0-301F-11D3-BF4B-00C04F79EFBC}") = "CloudWebApplication1", "CloudWebApplication1.csproj", "{3C6FAA71-EE82-48DC-90A0-40D1476DCAFE}"
EndProject
Global
	GlobalSection(SolutionConfigurationPlatforms) = preSolution
		Debug|Any CPU = Debug|Any CPU
		Release|Any CPU = Release|Any CPU
	EndGlobalSection
	GlobalSection(ProjectConfigurationPlatforms) = postSolution
		{3C6FAA71-EE82-48DC-90A0-40D1476DCAFE}.Debug|Any CPU.ActiveCfg = Debug|Any CPU
		{3C6FAA71-EE82-48DC-90A0-40D1476DCAFE}.Debug|Any CPU.Build.0 = Debug|Any CPU
		{3C6FAA71-EE82-48DC-90A0-40D1476DCAFE}.Release|Any CPU.ActiveCfg = Release|Any CPU
		{3C6FAA71-EE82-48DC-90A0-40D1476DCAFE}.Release|Any CPU.Build.0 = Release|Any CPU
	EndGlobalSection
	GlobalSection(SolutionProperties) = preSolution
		HideSolutionNode = FALSE
	EndGlobalSection
	GlobalSection(ExtensibilityGlobals) = postSolution
		SolutionGuid = {317643B7-732C-46F7-8FE7-27815AA69B80}
	EndGlobalSection
EndGlobal
